
Microsoft Visual Studio Solution File, Format Version 12.00
# Visual Studio 15
VisualStudioVersion = 15.0.27703.2018
MinimumVisualStudioVersion = 10.0.40219.1
Project("{8BC9CEB8-8B4A-11D0-8D11-00A0C91BC942}") = "G-WinMem", "G-WinMem\G-WinMem.vcxproj", "{D445BBD6-23E4-40AD-BB05-39E0401D7421}"
EndProject
Global
	GlobalSection(SolutionConfigurationPlatforms) = preSolution
		Debug|x64 = Debug|x64
		Debug|x86 = Debug|x86
		Release|x64 = Release|x64
		Release|x86 = Release|x86
	EndGlobalSection
	GlobalSection(ProjectConfigurationPlatforms) = postSolution
		{D445BBD6-23E4-40AD-BB05-39E0401D7421}.Debug|x64.ActiveCfg = Debug|x64
		{D445BBD6-23E4-40AD-BB05-39E0401D7421}.Debug|x64.Build.0 = Debug|x64
		{D445BBD6-23E4-40AD-BB05-39E0401D7421}.Debug|x86.ActiveCfg = Debug|Win32
		{D445BBD6-23E4-40AD-BB05-39E0401D7421}.Debug|x86.Build.0 = Debug|Win32
		{D445BBD6-23E4-40AD-BB05-39E0401D7421}.Release|x64.ActiveCfg = Release|x64
		{D445BBD6-23E4-40AD-BB05-39E0401D7421}.Release|x64.Build.0 = Release|x64
		{D445BBD6-23E4-40AD-BB05-39E0401D7421}.Release|x86.ActiveCfg = Release|Win32
		{D445BBD6-23E4-40AD-BB05-39E0401D7421}.Release|x86.Build.0 = Release|Win32
	EndGlobalSection
	GlobalSection(SolutionProperties) = preSolution
		HideSolutionNode = FALSE
	EndGlobalSection
	GlobalSection(ExtensibilityGlobals) = postSolution
		SolutionGuid = {CDDBAEFF-CFB7-4167-88D9-015827207E0C}
	EndGlobalSection
EndGlobal
